
Microsoft Visual Studio Solution File, Format Version 12.00
# Visual Studio 15
VisualStudioVersion = 15.0.26730.16
MinimumVisualStudioVersion = 10.0.40219.1
Project("{FAE04EC0-301F-11D3-BF4B-00C04F79EFBC}") = "PlanAndPlayApp", "PlanAndPlayApp\PlanAndPlayApp\PlanAndPlayApp.csproj", "{E44FF349-638D-4037-9BC7-DD1F6DE58868}"
EndProject
Project("{FAE04EC0-301F-11D3-BF4B-00C04F79EFBC}") = "PlanAndPlayApp.Android", "PlanAndPlayApp\PlanAndPlayApp.Android\PlanAndPlayApp.Android.csproj", "{23F1F291-43A2-4A6E-A3AC-85115BE18C31}"
EndProject
Project("{FAE04EC0-301F-11D3-BF4B-00C04F79EFBC}") = "PlanAndPlayApp.iOS", "PlanAndPlayApp\PlanAndPlayApp.iOS\PlanAndPlayApp.iOS.csproj", "{0921B5AB-5EF4-45D3-9296-47FB7B62C6BF}"
EndProject
Project("{FAE04EC0-301F-11D3-BF4B-00C04F79EFBC}") = "PlanAndPlayApp.UWP", "PlanAndPlayApp\PlanAndPlayApp.UWP\PlanAndPlayApp.UWP.csproj", "{C6FE837B-EB7D-4041-B8AE-70A734458A47}"
EndProject
Project("{2150E333-8FDC-42A3-9474-1A3956D46DE8}") = "Tests", "Tests", "{E91EAF05-479E-465C-948E-0A0C9B16CE5A}"
EndProject
Project("{2150E333-8FDC-42A3-9474-1A3956D46DE8}") = "DataMVVM", "DataMVVM", "{88993815-E416-4331-8DFF-A928F4CB4920}"
EndProject
Project("{FAE04EC0-301F-11D3-BF4B-00C04F79EFBC}") = "ViewModelExtensions", "ViewModels\ViewModelExtensions.csproj", "{67F9D3A8-F71E-4428-913F-C37AE82CDB24}"
EndProject
Project("{FAE04EC0-301F-11D3-BF4B-00C04F79EFBC}") = "Models", "Models\Models.csproj", "{6B261B74-4077-4AAB-B7E9-4D9033275D76}"
EndProject
Project("{FAE04EC0-301F-11D3-BF4B-00C04F79EFBC}") = "Helpers", "Helpers\Helpers.csproj", "{7E13F6FC-0589-4F77-95F3-7F9046027B2B}"
EndProject
Project("{FAE04EC0-301F-11D3-BF4B-00C04F79EFBC}") = "Services", "Services\Services.csproj", "{3B11C2E1-99C3-42F6-A534-F4A098B68B2F}"
EndProject
Project("{FAE04EC0-301F-11D3-BF4B-00C04F79EFBC}") = "UITest", "UITest\UITest.csproj", "{5534673F-7906-43BF-A1B1-00CF165CD932}"
EndProject
Project("{FAE04EC0-301F-11D3-BF4B-00C04F79EFBC}") = "UnitTestAndroid", "UnitTestAndroid\UnitTestAndroid.csproj", "{ACBD3ABB-19F1-42B9-8AB8-A9D15C9B18D8}"
EndProject
Project("{FAE04EC0-301F-11D3-BF4B-00C04F79EFBC}") = "Data", "Data\Data.csproj", "{C7A44B37-1207-4A43-992D-9D611DDDE72F}"
EndProject
Global
	GlobalSection(SolutionConfigurationPlatforms) = preSolution
		Debug|Any CPU = Debug|Any CPU
		Debug|ARM = Debug|ARM
		Debug|iPhone = Debug|iPhone
		Debug|iPhoneSimulator = Debug|iPhoneSimulator
		Debug|x64 = Debug|x64
		Debug|x86 = Debug|x86
		Release|Any CPU = Release|Any CPU
		Release|ARM = Release|ARM
		Release|iPhone = Release|iPhone
		Release|iPhoneSimulator = Release|iPhoneSimulator
		Release|x64 = Release|x64
		Release|x86 = Release|x86
	EndGlobalSection
	GlobalSection(ProjectConfigurationPlatforms) = postSolution
		{E44FF349-638D-4037-9BC7-DD1F6DE58868}.Debug|Any CPU.ActiveCfg = Debug|Any CPU
		{E44FF349-638D-4037-9BC7-DD1F6DE58868}.Debug|Any CPU.Build.0 = Debug|Any CPU
		{E44FF349-638D-4037-9BC7-DD1F6DE58868}.Debug|ARM.ActiveCfg = Debug|Any CPU
		{E44FF349-638D-4037-9BC7-DD1F6DE58868}.Debug|ARM.Build.0 = Debug|Any CPU
		{E44FF349-638D-4037-9BC7-DD1F6DE58868}.Debug|iPhone.ActiveCfg = Debug|Any CPU
		{E44FF349-638D-4037-9BC7-DD1F6DE58868}.Debug|iPhone.Build.0 = Debug|Any CPU
		{E44FF349-638D-4037-9BC7-DD1F6DE58868}.Debug|iPhoneSimulator.ActiveCfg = Debug|Any CPU
		{E44FF349-638D-4037-9BC7-DD1F6DE58868}.Debug|iPhoneSimulator.Build.0 = Debug|Any CPU
		{E44FF349-638D-4037-9BC7-DD1F6DE58868}.Debug|x64.ActiveCfg = Debug|Any CPU
		{E44FF349-638D-4037-9BC7-DD1F6DE58868}.Debug|x64.Build.0 = Debug|Any CPU
		{E44FF349-638D-4037-9BC7-DD1F6DE58868}.Debug|x86.ActiveCfg = Debug|Any CPU
		{E44FF349-638D-4037-9BC7-DD1F6DE58868}.Debug|x86.Build.0 = Debug|Any CPU
		{E44FF349-638D-4037-9BC7-DD1F6DE58868}.Release|Any CPU.ActiveCfg = Release|Any CPU
		{E44FF349-638D-4037-9BC7-DD1F6DE58868}.Release|Any CPU.Build.0 = Release|Any CPU
		{E44FF349-638D-4037-9BC7-DD1F6DE58868}.Release|ARM.ActiveCfg = Release|Any CPU
		{E44FF349-638D-4037-9BC7-DD1F6DE58868}.Release|ARM.Build.0 = Release|Any CPU
		{E44FF349-638D-4037-9BC7-DD1F6DE58868}.Release|iPhone.ActiveCfg = Release|Any CPU
		{E44FF349-638D-4037-9BC7-DD1F6DE58868}.Release|iPhone.Build.0 = Release|Any CPU
		{E44FF349-638D-4037-9BC7-DD1F6DE58868}.Release|iPhoneSimulator.ActiveCfg = Release|Any CPU
		{E44FF349-638D-4037-9BC7-DD1F6DE58868}.Release|iPhoneSimulator.Build.0 = Release|Any CPU
		{E44FF349-638D-4037-9BC7-DD1F6DE58868}.Release|x64.ActiveCfg = Release|Any CPU
		{E44FF349-638D-4037-9BC7-DD1F6DE58868}.Release|x64.Build.0 = Release|Any CPU
		{E44FF349-638D-4037-9BC7-DD1F6DE58868}.Release|x86.ActiveCfg = Release|Any CPU
		{E44FF349-638D-4037-9BC7-DD1F6DE58868}.Release|x86.Build.0 = Release|Any CPU
		{23F1F291-43A2-4A6E-A3AC-85115BE18C31}.Debug|Any CPU.ActiveCfg = Debug|Any CPU
		{23F1F291-43A2-4A6E-A3AC-85115BE18C31}.Debug|Any CPU.Build.0 = Debug|Any CPU
		{23F1F291-43A2-4A6E-A3AC-85115BE18C31}.Debug|Any CPU.Deploy.0 = Debug|Any CPU
		{23F1F291-43A2-4A6E-A3AC-85115BE18C31}.Debug|ARM.ActiveCfg = Debug|Any CPU
		{23F1F291-43A2-4A6E-A3AC-85115BE18C31}.Debug|ARM.Build.0 = Debug|Any CPU
		{23F1F291-43A2-4A6E-A3AC-85115BE18C31}.Debug|ARM.Deploy.0 = Debug|Any CPU
		{23F1F291-43A2-4A6E-A3AC-85115BE18C31}.Debug|iPhone.ActiveCfg = Debug|Any CPU
		{23F1F291-43A2-4A6E-A3AC-85115BE18C31}.Debug|iPhone.Build.0 = Debug|Any CPU
		{23F1F291-43A2-4A6E-A3AC-85115BE18C31}.Debug|iPhone.Deploy.0 = Debug|Any CPU
		{23F1F291-43A2-4A6E-A3AC-85115BE18C31}.Debug|iPhoneSimulator.ActiveCfg = Debug|Any CPU
		{23F1F291-43A2-4A6E-A3AC-85115BE18C31}.Debug|iPhoneSimulator.Build.0 = Debug|Any CPU
		{23F1F291-43A2-4A6E-A3AC-85115BE18C31}.Debug|iPhoneSimulator.Deploy.0 = Debug|Any CPU
		{23F1F291-43A2-4A6E-A3AC-85115BE18C31}.Debug|x64.ActiveCfg = Debug|Any CPU
		{23F1F291-43A2-4A6E-A3AC-85115BE18C31}.Debug|x64.Build.0 = Debug|Any CPU
		{23F1F291-43A2-4A6E-A3AC-85115BE18C31}.Debug|x64.Deploy.0 = Debug|Any CPU
		{23F1F291-43A2-4A6E-A3AC-85115BE18C31}.Debug|x86.ActiveCfg = Debug|Any CPU
		{23F1F291-43A2-4A6E-A3AC-85115BE18C31}.Debug|x86.Build.0 = Debug|Any CPU
		{23F1F291-43A2-4A6E-A3AC-85115BE18C31}.Debug|x86.Deploy.0 = Debug|Any CPU
		{23F1F291-43A2-4A6E-A3AC-85115BE18C31}.Release|Any CPU.ActiveCfg = Release|Any CPU
		{23F1F291-43A2-4A6E-A3AC-85115BE18C31}.Release|Any CPU.Build.0 = Release|Any CPU
		{23F1F291-43A2-4A6E-A3AC-85115BE18C31}.Release|Any CPU.Deploy.0 = Release|Any CPU
		{23F1F291-43A2-4A6E-A3AC-85115BE18C31}.Release|ARM.ActiveCfg = Release|Any CPU
		{23F1F291-43A2-4A6E-A3AC-85115BE18C31}.Release|ARM.Build.0 = Release|Any CPU
		{23F1F291-43A2-4A6E-A3AC-85115BE18C31}.Release|ARM.Deploy.0 = Release|Any CPU
		{23F1F291-43A2-4A6E-A3AC-85115BE18C31}.Release|iPhone.ActiveCfg = Release|Any CPU
		{23F1F291-43A2-4A6E-A3AC-85115BE18C31}.Release|iPhone.Build.0 = Release|Any CPU
		{23F1F291-43A2-4A6E-A3AC-85115BE18C31}.Release|iPhone.Deploy.0 = Release|Any CPU
		{23F1F291-43A2-4A6E-A3AC-85115BE18C31}.Release|iPhoneSimulator.ActiveCfg = Release|Any CPU
		{23F1F291-43A2-4A6E-A3AC-85115BE18C31}.Release|iPhoneSimulator.Build.0 = Release|Any CPU
		{23F1F291-43A2-4A6E-A3AC-85115BE18C31}.Release|iPhoneSimulator.Deploy.0 = Release|Any CPU
		{23F1F291-43A2-4A6E-A3AC-85115BE18C31}.Release|x64.ActiveCfg = Release|Any CPU
		{23F1F291-43A2-4A6E-A3AC-85115BE18C31}.Release|x64.Build.0 = Release|Any CPU
		{23F1F291-43A2-4A6E-A3AC-85115BE18C31}.Release|x64.Deploy.0 = Release|Any CPU
		{23F1F291-43A2-4A6E-A3AC-85115BE18C31}.Release|x86.ActiveCfg = Release|Any CPU
		{23F1F291-43A2-4A6E-A3AC-85115BE18C31}.Release|x86.Build.0 = Release|Any CPU
		{23F1F291-43A2-4A6E-A3AC-85115BE18C31}.Release|x86.Deploy.0 = Release|Any CPU
		{0921B5AB-5EF4-45D3-9296-47FB7B62C6BF}.Debug|Any CPU.ActiveCfg = Debug|iPhone
		{0921B5AB-5EF4-45D3-9296-47FB7B62C6BF}.Debug|ARM.ActiveCfg = Debug|iPhone
		{0921B5AB-5EF4-45D3-9296-47FB7B62C6BF}.Debug|iPhone.ActiveCfg = Debug|iPhone
		{0921B5AB-5EF4-45D3-9296-47FB7B62C6BF}.Debug|iPhone.Build.0 = Debug|iPhone
		{0921B5AB-5EF4-45D3-9296-47FB7B62C6BF}.Debug|iPhoneSimulator.ActiveCfg = Debug|iPhoneSimulator
		{0921B5AB-5EF4-45D3-9296-47FB7B62C6BF}.Debug|iPhoneSimulator.Build.0 = Debug|iPhoneSimulator
		{0921B5AB-5EF4-45D3-9296-47FB7B62C6BF}.Debug|x64.ActiveCfg = Debug|iPhone
		{0921B5AB-5EF4-45D3-9296-47FB7B62C6BF}.Debug|x86.ActiveCfg = Debug|iPhone
		{0921B5AB-5EF4-45D3-9296-47FB7B62C6BF}.Release|Any CPU.ActiveCfg = Release|iPhone
		{0921B5AB-5EF4-45D3-9296-47FB7B62C6BF}.Release|ARM.ActiveCfg = Release|iPhone
		{0921B5AB-5EF4-45D3-9296-47FB7B62C6BF}.Release|iPhone.ActiveCfg = Release|iPhone
		{0921B5AB-5EF4-45D3-9296-47FB7B62C6BF}.Release|iPhone.Build.0 = Release|iPhone
		{0921B5AB-5EF4-45D3-9296-47FB7B62C6BF}.Release|iPhoneSimulator.ActiveCfg = Release|iPhoneSimulator
		{0921B5AB-5EF4-45D3-9296-47FB7B62C6BF}.Release|iPhoneSimulator.Build.0 = Release|iPhoneSimulator
		{0921B5AB-5EF4-45D3-9296-47FB7B62C6BF}.Release|x64.ActiveCfg = Release|iPhone
		{0921B5AB-5EF4-45D3-9296-47FB7B62C6BF}.Release|x86.ActiveCfg = Release|iPhone
		{C6FE837B-EB7D-4041-B8AE-70A734458A47}.Debug|Any CPU.ActiveCfg = Debug|x86
		{C6FE837B-EB7D-4041-B8AE-70A734458A47}.Debug|ARM.ActiveCfg = Debug|ARM
		{C6FE837B-EB7D-4041-B8AE-70A734458A47}.Debug|ARM.Build.0 = Debug|ARM
		{C6FE837B-EB7D-4041-B8AE-70A734458A47}.Debug|ARM.Deploy.0 = Debug|ARM
		{C6FE837B-EB7D-4041-B8AE-70A734458A47}.Debug|iPhone.ActiveCfg = Debug|x86
		{C6FE837B-EB7D-4041-B8AE-70A734458A47}.Debug|iPhoneSimulator.ActiveCfg = Debug|x86
		{C6FE837B-EB7D-4041-B8AE-70A734458A47}.Debug|x64.ActiveCfg = Debug|x64
		{C6FE837B-EB7D-4041-B8AE-70A734458A47}.Debug|x64.Build.0 = Debug|x64
		{C6FE837B-EB7D-4041-B8AE-70A734458A47}.Debug|x64.Deploy.0 = Debug|x64
		{C6FE837B-EB7D-4041-B8AE-70A734458A47}.Debug|x86.ActiveCfg = Debug|x86
		{C6FE837B-EB7D-4041-B8AE-70A734458A47}.Debug|x86.Build.0 = Debug|x86
		{C6FE837B-EB7D-4041-B8AE-70A734458A47}.Debug|x86.Deploy.0 = Debug|x86
		{C6FE837B-EB7D-4041-B8AE-70A734458A47}.Release|Any CPU.ActiveCfg = Release|x86
		{C6FE837B-EB7D-4041-B8AE-70A734458A47}.Release|ARM.ActiveCfg = Release|ARM
		{C6FE837B-EB7D-4041-B8AE-70A734458A47}.Release|ARM.Build.0 = Release|ARM
		{C6FE837B-EB7D-4041-B8AE-70A734458A47}.Release|ARM.Deploy.0 = Release|ARM
		{C6FE837B-EB7D-4041-B8AE-70A734458A47}.Release|iPhone.ActiveCfg = Release|x86
		{C6FE837B-EB7D-4041-B8AE-70A734458A47}.Release|iPhoneSimulator.ActiveCfg = Release|x86
		{C6FE837B-EB7D-4041-B8AE-70A734458A47}.Release|x64.ActiveCfg = Release|x64
		{C6FE837B-EB7D-4041-B8AE-70A734458A47}.Release|x64.Build.0 = Release|x64
		{C6FE837B-EB7D-4041-B8AE-70A734458A47}.Release|x64.Deploy.0 = Release|x64
		{C6FE837B-EB7D-4041-B8AE-70A734458A47}.Release|x86.ActiveCfg = Release|x86
		{C6FE837B-EB7D-4041-B8AE-70A734458A47}.Release|x86.Build.0 = Release|x86
		{C6FE837B-EB7D-4041-B8AE-70A734458A47}.Release|x86.Deploy.0 = Release|x86
		{67F9D3A8-F71E-4428-913F-C37AE82CDB24}.Debug|Any CPU.ActiveCfg = Debug|Any CPU
		{67F9D3A8-F71E-4428-913F-C37AE82CDB24}.Debug|Any CPU.Build.0 = Debug|Any CPU
		{67F9D3A8-F71E-4428-913F-C37AE82CDB24}.Debug|ARM.ActiveCfg = Debug|Any CPU
		{67F9D3A8-F71E-4428-913F-C37AE82CDB24}.Debug|ARM.Build.0 = Debug|Any CPU
		{67F9D3A8-F71E-4428-913F-C37AE82CDB24}.Debug|iPhone.ActiveCfg = Debug|Any CPU
		{67F9D3A8-F71E-4428-913F-C37AE82CDB24}.Debug|iPhone.Build.0 = Debug|Any CPU
		{67F9D3A8-F71E-4428-913F-C37AE82CDB24}.Debug|iPhoneSimulator.ActiveCfg = Debug|Any CPU
		{67F9D3A8-F71E-4428-913F-C37AE82CDB24}.Debug|iPhoneSimulator.Build.0 = Debug|Any CPU
		{67F9D3A8-F71E-4428-913F-C37AE82CDB24}.Debug|x64.ActiveCfg = Debug|Any CPU
		{67F9D3A8-F71E-4428-913F-C37AE82CDB24}.Debug|x64.Build.0 = Debug|Any CPU
		{67F9D3A8-F71E-4428-913F-C37AE82CDB24}.Debug|x86.ActiveCfg = Debug|Any CPU
		{67F9D3A8-F71E-4428-913F-C37AE82CDB24}.Debug|x86.Build.0 = Debug|Any CPU
		{67F9D3A8-F71E-4428-913F-C37AE82CDB24}.Release|Any CPU.ActiveCfg = Release|Any CPU
		{67F9D3A8-F71E-4428-913F-C37AE82CDB24}.Release|Any CPU.Build.0 = Release|Any CPU
		{67F9D3A8-F71E-4428-913F-C37AE82CDB24}.Release|ARM.ActiveCfg = Release|Any CPU
		{67F9D3A8-F71E-4428-913F-C37AE82CDB24}.Release|ARM.Build.0 = Release|Any CPU
		{67F9D3A8-F71E-4428-913F-C37AE82CDB24}.Release|iPhone.ActiveCfg = Release|Any CPU
		{67F9D3A8-F71E-4428-913F-C37AE82CDB24}.Release|iPhone.Build.0 = Release|Any CPU
		{67F9D3A8-F71E-4428-913F-C37AE82CDB24}.Release|iPhoneSimulator.ActiveCfg = Release|Any CPU
		{67F9D3A8-F71E-4428-913F-C37AE82CDB24}.Release|iPhoneSimulator.Build.0 = Release|Any CPU
		{67F9D3A8-F71E-4428-913F-C37AE82CDB24}.Release|x64.ActiveCfg = Release|Any CPU
		{67F9D3A8-F71E-4428-913F-C37AE82CDB24}.Release|x64.Build.0 = Release|Any CPU
		{67F9D3A8-F71E-4428-913F-C37AE82CDB24}.Release|x86.ActiveCfg = Release|Any CPU
		{67F9D3A8-F71E-4428-913F-C37AE82CDB24}.Release|x86.Build.0 = Release|Any CPU
		{6B261B74-4077-4AAB-B7E9-4D9033275D76}.Debug|Any CPU.ActiveCfg = Debug|Any CPU
		{6B261B74-4077-4AAB-B7E9-4D9033275D76}.Debug|Any CPU.Build.0 = Debug|Any CPU
		{6B261B74-4077-4AAB-B7E9-4D9033275D76}.Debug|ARM.ActiveCfg = Debug|Any CPU
		{6B261B74-4077-4AAB-B7E9-4D9033275D76}.Debug|ARM.Build.0 = Debug|Any CPU
		{6B261B74-4077-4AAB-B7E9-4D9033275D76}.Debug|iPhone.ActiveCfg = Debug|Any CPU
		{6B261B74-4077-4AAB-B7E9-4D9033275D76}.Debug|iPhone.Build.0 = Debug|Any CPU
		{6B261B74-4077-4AAB-B7E9-4D9033275D76}.Debug|iPhoneSimulator.ActiveCfg = Debug|Any CPU
		{6B261B74-4077-4AAB-B7E9-4D9033275D76}.Debug|iPhoneSimulator.Build.0 = Debug|Any CPU
		{6B261B74-4077-4AAB-B7E9-4D9033275D76}.Debug|x64.ActiveCfg = Debug|Any CPU
		{6B261B74-4077-4AAB-B7E9-4D9033275D76}.Debug|x64.Build.0 = Debug|Any CPU
		{6B261B74-4077-4AAB-B7E9-4D9033275D76}.Debug|x86.ActiveCfg = Debug|Any CPU
		{6B261B74-4077-4AAB-B7E9-4D9033275D76}.Debug|x86.Build.0 = Debug|Any CPU
		{6B261B74-4077-4AAB-B7E9-4D9033275D76}.Release|Any CPU.ActiveCfg = Release|Any CPU
		{6B261B74-4077-4AAB-B7E9-4D9033275D76}.Release|Any CPU.Build.0 = Release|Any CPU
		{6B261B74-4077-4AAB-B7E9-4D9033275D76}.Release|ARM.ActiveCfg = Release|Any CPU
		{6B261B74-4077-4AAB-B7E9-4D9033275D76}.Release|ARM.Build.0 = Release|Any CPU
		{6B261B74-4077-4AAB-B7E9-4D9033275D76}.Release|iPhone.ActiveCfg = Release|Any CPU
		{6B261B74-4077-4AAB-B7E9-4D9033275D76}.Release|iPhone.Build.0 = Release|Any CPU
		{6B261B74-4077-4AAB-B7E9-4D9033275D76}.Release|iPhoneSimulator.ActiveCfg = Release|Any CPU
		{6B261B74-4077-4AAB-B7E9-4D9033275D76}.Release|iPhoneSimulator.Build.0 = Release|Any CPU
		{6B261B74-4077-4AAB-B7E9-4D9033275D76}.Release|x64.ActiveCfg = Release|Any CPU
		{6B261B74-4077-4AAB-B7E9-4D9033275D76}.Release|x64.Build.0 = Release|Any CPU
		{6B261B74-4077-4AAB-B7E9-4D9033275D76}.Release|x86.ActiveCfg = Release|Any CPU
		{6B261B74-4077-4AAB-B7E9-4D9033275D76}.Release|x86.Build.0 = Release|Any CPU
		{7E13F6FC-0589-4F77-95F3-7F9046027B2B}.Debug|Any CPU.ActiveCfg = Debug|Any CPU
		{7E13F6FC-0589-4F77-95F3-7F9046027B2B}.Debug|Any CPU.Build.0 = Debug|Any CPU
		{7E13F6FC-0589-4F77-95F3-7F9046027B2B}.Debug|ARM.ActiveCfg = Debug|Any CPU
		{7E13F6FC-0589-4F77-95F3-7F9046027B2B}.Debug|ARM.Build.0 = Debug|Any CPU
		{7E13F6FC-0589-4F77-95F3-7F9046027B2B}.Debug|iPhone.ActiveCfg = Debug|Any CPU
		{7E13F6FC-0589-4F77-95F3-7F9046027B2B}.Debug|iPhone.Build.0 = Debug|Any CPU
		{7E13F6FC-0589-4F77-95F3-7F9046027B2B}.Debug|iPhoneSimulator.ActiveCfg = Debug|Any CPU
		{7E13F6FC-0589-4F77-95F3-7F9046027B2B}.Debug|iPhoneSimulator.Build.0 = Debug|Any CPU
		{7E13F6FC-0589-4F77-95F3-7F9046027B2B}.Debug|x64.ActiveCfg = Debug|Any CPU
		{7E13F6FC-0589-4F77-95F3-7F9046027B2B}.Debug|x64.Build.0 = Debug|Any CPU
		{7E13F6FC-0589-4F77-95F3-7F9046027B2B}.Debug|x86.ActiveCfg = Debug|Any CPU
		{7E13F6FC-0589-4F77-95F3-7F9046027B2B}.Debug|x86.Build.0 = Debug|Any CPU
		{7E13F6FC-0589-4F77-95F3-7F9046027B2B}.Release|Any CPU.ActiveCfg = Release|Any CPU
		{7E13F6FC-0589-4F77-95F3-7F9046027B2B}.Release|Any CPU.Build.0 = Release|Any CPU
		{7E13F6FC-0589-4F77-95F3-7F9046027B2B}.Release|ARM.ActiveCfg = Release|Any CPU
		{7E13F6FC-0589-4F77-95F3-7F9046027B2B}.Release|ARM.Build.0 = Release|Any CPU
		{7E13F6FC-0589-4F77-95F3-7F9046027B2B}.Release|iPhone.ActiveCfg = Release|Any CPU
		{7E13F6FC-0589-4F77-95F3-7F9046027B2B}.Release|iPhone.Build.0 = Release|Any CPU
		{7E13F6FC-0589-4F77-95F3-7F9046027B2B}.Release|iPhoneSimulator.ActiveCfg = Release|Any CPU
		{7E13F6FC-0589-4F77-95F3-7F9046027B2B}.Release|iPhoneSimulator.Build.0 = Release|Any CPU
		{7E13F6FC-0589-4F77-95F3-7F9046027B2B}.Release|x64.ActiveCfg = Release|Any CPU
		{7E13F6FC-0589-4F77-95F3-7F9046027B2B}.Release|x64.Build.0 = Release|Any CPU
		{7E13F6FC-0589-4F77-95F3-7F9046027B2B}.Release|x86.ActiveCfg = Release|Any CPU
		{7E13F6FC-0589-4F77-95F3-7F9046027B2B}.Release|x86.Build.0 = Release|Any CPU
		{3B11C2E1-99C3-42F6-A534-F4A098B68B2F}.Debug|Any CPU.ActiveCfg = Debug|Any CPU
		{3B11C2E1-99C3-42F6-A534-F4A098B68B2F}.Debug|Any CPU.Build.0 = Debug|Any CPU
		{3B11C2E1-99C3-42F6-A534-F4A098B68B2F}.Debug|ARM.ActiveCfg = Debug|Any CPU
		{3B11C2E1-99C3-42F6-A534-F4A098B68B2F}.Debug|ARM.Build.0 = Debug|Any CPU
		{3B11C2E1-99C3-42F6-A534-F4A098B68B2F}.Debug|iPhone.ActiveCfg = Debug|Any CPU
		{3B11C2E1-99C3-42F6-A534-F4A098B68B2F}.Debug|iPhone.Build.0 = Debug|Any CPU
		{3B11C2E1-99C3-42F6-A534-F4A098B68B2F}.Debug|iPhoneSimulator.ActiveCfg = Debug|Any CPU
		{3B11C2E1-99C3-42F6-A534-F4A098B68B2F}.Debug|iPhoneSimulator.Build.0 = Debug|Any CPU
		{3B11C2E1-99C3-42F6-A534-F4A098B68B2F}.Debug|x64.ActiveCfg = Debug|Any CPU
		{3B11C2E1-99C3-42F6-A534-F4A098B68B2F}.Debug|x64.Build.0 = Debug|Any CPU
		{3B11C2E1-99C3-42F6-A534-F4A098B68B2F}.Debug|x86.ActiveCfg = Debug|Any CPU
		{3B11C2E1-99C3-42F6-A534-F4A098B68B2F}.Debug|x86.Build.0 = Debug|Any CPU
		{3B11C2E1-99C3-42F6-A534-F4A098B68B2F}.Release|Any CPU.ActiveCfg = Release|Any CPU
		{3B11C2E1-99C3-42F6-A534-F4A098B68B2F}.Release|Any CPU.Build.0 = Release|Any CPU
		{3B11C2E1-99C3-42F6-A534-F4A098B68B2F}.Release|ARM.ActiveCfg = Release|Any CPU
		{3B11C2E1-99C3-42F6-A534-F4A098B68B2F}.Release|ARM.Build.0 = Release|Any CPU
		{3B11C2E1-99C3-42F6-A534-F4A098B68B2F}.Release|iPhone.ActiveCfg = Release|Any CPU
		{3B11C2E1-99C3-42F6-A534-F4A098B68B2F}.Release|iPhone.Build.0 = Release|Any CPU
		{3B11C2E1-99C3-42F6-A534-F4A098B68B2F}.Release|iPhoneSimulator.ActiveCfg = Release|Any CPU
		{3B11C2E1-99C3-42F6-A534-F4A098B68B2F}.Release|iPhoneSimulator.Build.0 = Release|Any CPU
		{3B11C2E1-99C3-42F6-A534-F4A098B68B2F}.Release|x64.ActiveCfg = Release|Any CPU
		{3B11C2E1-99C3-42F6-A534-F4A098B68B2F}.Release|x64.Build.0 = Release|Any CPU
		{3B11C2E1-99C3-42F6-A534-F4A098B68B2F}.Release|x86.ActiveCfg = Release|Any CPU
		{3B11C2E1-99C3-42F6-A534-F4A098B68B2F}.Release|x86.Build.0 = Release|Any CPU
		{5534673F-7906-43BF-A1B1-00CF165CD932}.Debug|Any CPU.ActiveCfg = Debug|Any CPU
		{5534673F-7906-43BF-A1B1-00CF165CD932}.Debug|Any CPU.Build.0 = Debug|Any CPU
		{5534673F-7906-43BF-A1B1-00CF165CD932}.Debug|ARM.ActiveCfg = Debug|Any CPU
		{5534673F-7906-43BF-A1B1-00CF165CD932}.Debug|ARM.Build.0 = Debug|Any CPU
		{5534673F-7906-43BF-A1B1-00CF165CD932}.Debug|iPhone.ActiveCfg = Debug|Any CPU
		{5534673F-7906-43BF-A1B1-00CF165CD932}.Debug|iPhone.Build.0 = Debug|Any CPU
		{5534673F-7906-43BF-A1B1-00CF165CD932}.Debug|iPhoneSimulator.ActiveCfg = Debug|Any CPU
		{5534673F-7906-43BF-A1B1-00CF165CD932}.Debug|iPhoneSimulator.Build.0 = Debug|Any CPU
		{5534673F-7906-43BF-A1B1-00CF165CD932}.Debug|x64.ActiveCfg = Debug|Any CPU
		{5534673F-7906-43BF-A1B1-00CF165CD932}.Debug|x64.Build.0 = Debug|Any CPU
		{5534673F-7906-43BF-A1B1-00CF165CD932}.Debug|x86.ActiveCfg = Debug|Any CPU
		{5534673F-7906-43BF-A1B1-00CF165CD932}.Debug|x86.Build.0 = Debug|Any CPU
		{5534673F-7906-43BF-A1B1-00CF165CD932}.Release|Any CPU.ActiveCfg = Release|Any CPU
		{5534673F-7906-43BF-A1B1-00CF165CD932}.Release|Any CPU.Build.0 = Release|Any CPU
		{5534673F-7906-43BF-A1B1-00CF165CD932}.Release|ARM.ActiveCfg = Release|Any CPU
		{5534673F-7906-43BF-A1B1-00CF165CD932}.Release|ARM.Build.0 = Release|Any CPU
		{5534673F-7906-43BF-A1B1-00CF165CD932}.Release|iPhone.ActiveCfg = Release|Any CPU
		{5534673F-7906-43BF-A1B1-00CF165CD932}.Release|iPhone.Build.0 = Release|Any CPU
		{5534673F-7906-43BF-A1B1-00CF165CD932}.Release|iPhoneSimulator.ActiveCfg = Release|Any CPU
		{5534673F-7906-43BF-A1B1-00CF165CD932}.Release|iPhoneSimulator.Build.0 = Release|Any CPU
		{5534673F-7906-43BF-A1B1-00CF165CD932}.Release|x64.ActiveCfg = Release|Any CPU
		{5534673F-7906-43BF-A1B1-00CF165CD932}.Release|x64.Build.0 = Release|Any CPU
		{5534673F-7906-43BF-A1B1-00CF165CD932}.Release|x86.ActiveCfg = Release|Any CPU
		{5534673F-7906-43BF-A1B1-00CF165CD932}.Release|x86.Build.0 = Release|Any CPU
		{ACBD3ABB-19F1-42B9-8AB8-A9D15C9B18D8}.Debug|Any CPU.ActiveCfg = Debug|Any CPU
		{ACBD3ABB-19F1-42B9-8AB8-A9D15C9B18D8}.Debug|Any CPU.Build.0 = Debug|Any CPU
		{ACBD3ABB-19F1-42B9-8AB8-A9D15C9B18D8}.Debug|Any CPU.Deploy.0 = Debug|Any CPU
		{ACBD3ABB-19F1-42B9-8AB8-A9D15C9B18D8}.Debug|ARM.ActiveCfg = Debug|Any CPU
		{ACBD3ABB-19F1-42B9-8AB8-A9D15C9B18D8}.Debug|ARM.Build.0 = Debug|Any CPU
		{ACBD3ABB-19F1-42B9-8AB8-A9D15C9B18D8}.Debug|ARM.Deploy.0 = Debug|Any CPU
		{ACBD3ABB-19F1-42B9-8AB8-A9D15C9B18D8}.Debug|iPhone.ActiveCfg = Debug|Any CPU
		{ACBD3ABB-19F1-42B9-8AB8-A9D15C9B18D8}.Debug|iPhone.Build.0 = Debug|Any CPU
		{ACBD3ABB-19F1-42B9-8AB8-A9D15C9B18D8}.Debug|iPhone.Deploy.0 = Debug|Any CPU
		{ACBD3ABB-19F1-42B9-8AB8-A9D15C9B18D8}.Debug|iPhoneSimulator.ActiveCfg = Debug|Any CPU
		{ACBD3ABB-19F1-42B9-8AB8-A9D15C9B18D8}.Debug|iPhoneSimulator.Build.0 = Debug|Any CPU
		{ACBD3ABB-19F1-42B9-8AB8-A9D15C9B18D8}.Debug|iPhoneSimulator.Deploy.0 = Debug|Any CPU
		{ACBD3ABB-19F1-42B9-8AB8-A9D15C9B18D8}.Debug|x64.ActiveCfg = Debug|Any CPU
		{ACBD3ABB-19F1-42B9-8AB8-A9D15C9B18D8}.Debug|x64.Build.0 = Debug|Any CPU
		{ACBD3ABB-19F1-42B9-8AB8-A9D15C9B18D8}.Debug|x64.Deploy.0 = Debug|Any CPU
		{ACBD3ABB-19F1-42B9-8AB8-A9D15C9B18D8}.Debug|x86.ActiveCfg = Debug|Any CPU
		{ACBD3ABB-19F1-42B9-8AB8-A9D15C9B18D8}.Debug|x86.Build.0 = Debug|Any CPU
		{ACBD3ABB-19F1-42B9-8AB8-A9D15C9B18D8}.Debug|x86.Deploy.0 = Debug|Any CPU
		{ACBD3ABB-19F1-42B9-8AB8-A9D15C9B18D8}.Release|Any CPU.ActiveCfg = Release|Any CPU
		{ACBD3ABB-19F1-42B9-8AB8-A9D15C9B18D8}.Release|Any CPU.Build.0 = Release|Any CPU
		{ACBD3ABB-19F1-42B9-8AB8-A9D15C9B18D8}.Release|Any CPU.Deploy.0 = Release|Any CPU
		{ACBD3ABB-19F1-42B9-8AB8-A9D15C9B18D8}.Release|ARM.ActiveCfg = Release|Any CPU
		{ACBD3ABB-19F1-42B9-8AB8-A9D15C9B18D8}.Release|ARM.Build.0 = Release|Any CPU
		{ACBD3ABB-19F1-42B9-8AB8-A9D15C9B18D8}.Release|ARM.Deploy.0 = Release|Any CPU
		{ACBD3ABB-19F1-42B9-8AB8-A9D15C9B18D8}.Release|iPhone.ActiveCfg = Release|Any CPU
		{ACBD3ABB-19F1-42B9-8AB8-A9D15C9B18D8}.Release|iPhone.Build.0 = Release|Any CPU
		{ACBD3ABB-19F1-42B9-8AB8-A9D15C9B18D8}.Release|iPhone.Deploy.0 = Release|Any CPU
		{ACBD3ABB-19F1-42B9-8AB8-A9D15C9B18D8}.Release|iPhoneSimulator.ActiveCfg = Release|Any CPU
		{ACBD3ABB-19F1-42B9-8AB8-A9D15C9B18D8}.Release|iPhoneSimulator.Build.0 = Release|Any CPU
		{ACBD3ABB-19F1-42B9-8AB8-A9D15C9B18D8}.Release|iPhoneSimulator.Deploy.0 = Release|Any CPU
		{ACBD3ABB-19F1-42B9-8AB8-A9D15C9B18D8}.Release|x64.ActiveCfg = Release|Any CPU
		{ACBD3ABB-19F1-42B9-8AB8-A9D15C9B18D8}.Release|x64.Build.0 = Release|Any CPU
		{ACBD3ABB-19F1-42B9-8AB8-A9D15C9B18D8}.Release|x64.Deploy.0 = Release|Any CPU
		{ACBD3ABB-19F1-42B9-8AB8-A9D15C9B18D8}.Release|x86.ActiveCfg = Release|Any CPU
		{ACBD3ABB-19F1-42B9-8AB8-A9D15C9B18D8}.Release|x86.Build.0 = Release|Any CPU
		{ACBD3ABB-19F1-42B9-8AB8-A9D15C9B18D8}.Release|x86.Deploy.0 = Release|Any CPU
		{C7A44B37-1207-4A43-992D-9D611DDDE72F}.Debug|Any CPU.ActiveCfg = Debug|Any CPU
		{C7A44B37-1207-4A43-992D-9D611DDDE72F}.Debug|Any CPU.Build.0 = Debug|Any CPU
		{C7A44B37-1207-4A43-992D-9D611DDDE72F}.Debug|ARM.ActiveCfg = Debug|Any CPU
		{C7A44B37-1207-4A43-992D-9D611DDDE72F}.Debug|ARM.Build.0 = Debug|Any CPU
		{C7A44B37-1207-4A43-992D-9D611DDDE72F}.Debug|iPhone.ActiveCfg = Debug|Any CPU
		{C7A44B37-1207-4A43-992D-9D611DDDE72F}.Debug|iPhone.Build.0 = Debug|Any CPU
		{C7A44B37-1207-4A43-992D-9D611DDDE72F}.Debug|iPhoneSimulator.ActiveCfg = Debug|Any CPU
		{C7A44B37-1207-4A43-992D-9D611DDDE72F}.Debug|iPhoneSimulator.Build.0 = Debug|Any CPU
		{C7A44B37-1207-4A43-992D-9D611DDDE72F}.Debug|x64.ActiveCfg = Debug|Any CPU
		{C7A44B37-1207-4A43-992D-9D611DDDE72F}.Debug|x64.Build.0 = Debug|Any CPU
		{C7A44B37-1207-4A43-992D-9D611DDDE72F}.Debug|x86.ActiveCfg = Debug|Any CPU
		{C7A44B37-1207-4A43-992D-9D611DDDE72F}.Debug|x86.Build.0 = Debug|Any CPU
		{C7A44B37-1207-4A43-992D-9D611DDDE72F}.Release|Any CPU.ActiveCfg = Release|Any CPU
		{C7A44B37-1207-4A43-992D-9D611DDDE72F}.Release|Any CPU.Build.0 = Release|Any CPU
		{C7A44B37-1207-4A43-992D-9D611DDDE72F}.Release|ARM.ActiveCfg = Release|Any CPU
		{C7A44B37-1207-4A43-992D-9D611DDDE72F}.Release|ARM.Build.0 = Release|Any CPU
		{C7A44B37-1207-4A43-992D-9D611DDDE72F}.Release|iPhone.ActiveCfg = Release|Any CPU
		{C7A44B37-1207-4A43-992D-9D611DDDE72F}.Release|iPhone.Build.0 = Release|Any CPU
		{C7A44B37-1207-4A43-992D-9D611DDDE72F}.Release|iPhoneSimulator.ActiveCfg = Release|Any CPU
		{C7A44B37-1207-4A43-992D-9D611DDDE72F}.Release|iPhoneSimulator.Build.0 = Release|Any CPU
		{C7A44B37-1207-4A43-992D-9D611DDDE72F}.Release|x64.ActiveCfg = Release|Any CPU
		{C7A44B37-1207-4A43-992D-9D611DDDE72F}.Release|x64.Build.0 = Release|Any CPU
		{C7A44B37-1207-4A43-992D-9D611DDDE72F}.Release|x86.ActiveCfg = Release|Any CPU
		{C7A44B37-1207-4A43-992D-9D611DDDE72F}.Release|x86.Build.0 = Release|Any CPU
	EndGlobalSection
	GlobalSection(SolutionProperties) = preSolution
		HideSolutionNode = FALSE
	EndGlobalSection
	GlobalSection(NestedProjects) = preSolution
		{67F9D3A8-F71E-4428-913F-C37AE82CDB24} = {88993815-E416-4331-8DFF-A928F4CB4920}
		{6B261B74-4077-4AAB-B7E9-4D9033275D76} = {88993815-E416-4331-8DFF-A928F4CB4920}
		{7E13F6FC-0589-4F77-95F3-7F9046027B2B} = {88993815-E416-4331-8DFF-A928F4CB4920}
		{3B11C2E1-99C3-42F6-A534-F4A098B68B2F} = {88993815-E416-4331-8DFF-A928F4CB4920}
		{5534673F-7906-43BF-A1B1-00CF165CD932} = {E91EAF05-479E-465C-948E-0A0C9B16CE5A}
		{ACBD3ABB-19F1-42B9-8AB8-A9D15C9B18D8} = {E91EAF05-479E-465C-948E-0A0C9B16CE5A}
		{C7A44B37-1207-4A43-992D-9D611DDDE72F} = {88993815-E416-4331-8DFF-A928F4CB4920}
	EndGlobalSection
	GlobalSection(ExtensibilityGlobals) = postSolution
		SolutionGuid = {D23604E3-C03A-4D57-83F1-000BC05F7E65}
	EndGlobalSection
EndGlobal
