
Microsoft Visual Studio Solution File, Format Version 12.00
# Visual Studio 15
VisualStudioVersion = 15.0.26430.13
MinimumVisualStudioVersion = 10.0.40219.1
Project("{FAE04EC0-301F-11D3-BF4B-00C04F79EFBC}") = "PlanAndPlayApp", "PlanAndPlayApp\PlanAndPlayApp\PlanAndPlayApp.csproj", "{E44FF349-638D-4037-9BC7-DD1F6DE58868}"
EndProject
Project("{FAE04EC0-301F-11D3-BF4B-00C04F79EFBC}") = "PlanAndPlayApp.Android", "PlanAndPlayApp\PlanAndPlayApp.Android\PlanAndPlayApp.Android.csproj", "{23F1F291-43A2-4A6E-A3AC-85115BE18C31}"
EndProject
Project("{FAE04EC0-301F-11D3-BF4B-00C04F79EFBC}") = "PlanAndPlayApp.iOS", "PlanAndPlayApp\PlanAndPlayApp.iOS\PlanAndPlayApp.iOS.csproj", "{0921B5AB-5EF4-45D3-9296-47FB7B62C6BF}"
EndProject
Project("{FAE04EC0-301F-11D3-BF4B-00C04F79EFBC}") = "PlanAndPlayApp.UWP", "PlanAndPlayApp\PlanAndPlayApp.UWP\PlanAndPlayApp.UWP.csproj", "{C6FE837B-EB7D-4041-B8AE-70A734458A47}"
EndProject
Global
	GlobalSection(SolutionConfigurationPlatforms) = preSolution
		Debug|Any CPU = Debug|Any CPU
		Debug|ARM = Debug|ARM
		Debug|iPhone = Debug|iPhone
		Debug|iPhoneSimulator = Debug|iPhoneSimulator
		Debug|x64 = Debug|x64
		Debug|x86 = Debug|x86
		Release|Any CPU = Release|Any CPU
		Release|ARM = Release|ARM
		Release|iPhone = Release|iPhone
		Release|iPhoneSimulator = Release|iPhoneSimulator
		Release|x64 = Release|x64
		Release|x86 = Release|x86
	EndGlobalSection
	GlobalSection(ProjectConfigurationPlatforms) = postSolution
		{E44FF349-638D-4037-9BC7-DD1F6DE58868}.Debug|Any CPU.ActiveCfg = Debug|Any CPU
		{E44FF349-638D-4037-9BC7-DD1F6DE58868}.Debug|Any CPU.Build.0 = Debug|Any CPU
		{E44FF349-638D-4037-9BC7-DD1F6DE58868}.Debug|ARM.ActiveCfg = Debug|Any CPU
		{E44FF349-638D-4037-9BC7-DD1F6DE58868}.Debug|ARM.Build.0 = Debug|Any CPU
		{E44FF349-638D-4037-9BC7-DD1F6DE58868}.Debug|iPhone.ActiveCfg = Debug|Any CPU
		{E44FF349-638D-4037-9BC7-DD1F6DE58868}.Debug|iPhone.Build.0 = Debug|Any CPU
		{E44FF349-638D-4037-9BC7-DD1F6DE58868}.Debug|iPhoneSimulator.ActiveCfg = Debug|Any CPU
		{E44FF349-638D-4037-9BC7-DD1F6DE58868}.Debug|iPhoneSimulator.Build.0 = Debug|Any CPU
		{E44FF349-638D-4037-9BC7-DD1F6DE58868}.Debug|x64.ActiveCfg = Debug|Any CPU
		{E44FF349-638D-4037-9BC7-DD1F6DE58868}.Debug|x64.Build.0 = Debug|Any CPU
		{E44FF349-638D-4037-9BC7-DD1F6DE58868}.Debug|x86.ActiveCfg = Debug|Any CPU
		{E44FF349-638D-4037-9BC7-DD1F6DE58868}.Debug|x86.Build.0 = Debug|Any CPU
		{E44FF349-638D-4037-9BC7-DD1F6DE58868}.Release|Any CPU.ActiveCfg = Release|Any CPU
		{E44FF349-638D-4037-9BC7-DD1F6DE58868}.Release|Any CPU.Build.0 = Release|Any CPU
		{E44FF349-638D-4037-9BC7-DD1F6DE58868}.Release|ARM.ActiveCfg = Release|Any CPU
		{E44FF349-638D-4037-9BC7-DD1F6DE58868}.Release|ARM.Build.0 = Release|Any CPU
		{E44FF349-638D-4037-9BC7-DD1F6DE58868}.Release|iPhone.ActiveCfg = Release|Any CPU
		{E44FF349-638D-4037-9BC7-DD1F6DE58868}.Release|iPhone.Build.0 = Release|Any CPU
		{E44FF349-638D-4037-9BC7-DD1F6DE58868}.Release|iPhoneSimulator.ActiveCfg = Release|Any CPU
		{E44FF349-638D-4037-9BC7-DD1F6DE58868}.Release|iPhoneSimulator.Build.0 = Release|Any CPU
		{E44FF349-638D-4037-9BC7-DD1F6DE58868}.Release|x64.ActiveCfg = Release|Any CPU
		{E44FF349-638D-4037-9BC7-DD1F6DE58868}.Release|x64.Build.0 = Release|Any CPU
		{E44FF349-638D-4037-9BC7-DD1F6DE58868}.Release|x86.ActiveCfg = Release|Any CPU
		{E44FF349-638D-4037-9BC7-DD1F6DE58868}.Release|x86.Build.0 = Release|Any CPU
		{23F1F291-43A2-4A6E-A3AC-85115BE18C31}.Debug|Any CPU.ActiveCfg = Debug|Any CPU
		{23F1F291-43A2-4A6E-A3AC-85115BE18C31}.Debug|Any CPU.Build.0 = Debug|Any CPU
		{23F1F291-43A2-4A6E-A3AC-85115BE18C31}.Debug|Any CPU.Deploy.0 = Debug|Any CPU
		{23F1F291-43A2-4A6E-A3AC-85115BE18C31}.Debug|ARM.ActiveCfg = Debug|Any CPU
		{23F1F291-43A2-4A6E-A3AC-85115BE18C31}.Debug|ARM.Build.0 = Debug|Any CPU
		{23F1F291-43A2-4A6E-A3AC-85115BE18C31}.Debug|ARM.Deploy.0 = Debug|Any CPU
		{23F1F291-43A2-4A6E-A3AC-85115BE18C31}.Debug|iPhone.ActiveCfg = Debug|Any CPU
		{23F1F291-43A2-4A6E-A3AC-85115BE18C31}.Debug|iPhone.Build.0 = Debug|Any CPU
		{23F1F291-43A2-4A6E-A3AC-85115BE18C31}.Debug|iPhone.Deploy.0 = Debug|Any CPU
		{23F1F291-43A2-4A6E-A3AC-85115BE18C31}.Debug|iPhoneSimulator.ActiveCfg = Debug|Any CPU
		{23F1F291-43A2-4A6E-A3AC-85115BE18C31}.Debug|iPhoneSimulator.Build.0 = Debug|Any CPU
		{23F1F291-43A2-4A6E-A3AC-85115BE18C31}.Debug|iPhoneSimulator.Deploy.0 = Debug|Any CPU
		{23F1F291-43A2-4A6E-A3AC-85115BE18C31}.Debug|x64.ActiveCfg = Debug|Any CPU
		{23F1F291-43A2-4A6E-A3AC-85115BE18C31}.Debug|x64.Build.0 = Debug|Any CPU
		{23F1F291-43A2-4A6E-A3AC-85115BE18C31}.Debug|x64.Deploy.0 = Debug|Any CPU
		{23F1F291-43A2-4A6E-A3AC-85115BE18C31}.Debug|x86.ActiveCfg = Debug|Any CPU
		{23F1F291-43A2-4A6E-A3AC-85115BE18C31}.Debug|x86.Build.0 = Debug|Any CPU
		{23F1F291-43A2-4A6E-A3AC-85115BE18C31}.Debug|x86.Deploy.0 = Debug|Any CPU
		{23F1F291-43A2-4A6E-A3AC-85115BE18C31}.Release|Any CPU.ActiveCfg = Release|Any CPU
		{23F1F291-43A2-4A6E-A3AC-85115BE18C31}.Release|Any CPU.Build.0 = Release|Any CPU
		{23F1F291-43A2-4A6E-A3AC-85115BE18C31}.Release|Any CPU.Deploy.0 = Release|Any CPU
		{23F1F291-43A2-4A6E-A3AC-85115BE18C31}.Release|ARM.ActiveCfg = Release|Any CPU
		{23F1F291-43A2-4A6E-A3AC-85115BE18C31}.Release|ARM.Build.0 = Release|Any CPU
		{23F1F291-43A2-4A6E-A3AC-85115BE18C31}.Release|ARM.Deploy.0 = Release|Any CPU
		{23F1F291-43A2-4A6E-A3AC-85115BE18C31}.Release|iPhone.ActiveCfg = Release|Any CPU
		{23F1F291-43A2-4A6E-A3AC-85115BE18C31}.Release|iPhone.Build.0 = Release|Any CPU
		{23F1F291-43A2-4A6E-A3AC-85115BE18C31}.Release|iPhone.Deploy.0 = Release|Any CPU
		{23F1F291-43A2-4A6E-A3AC-85115BE18C31}.Release|iPhoneSimulator.ActiveCfg = Release|Any CPU
		{23F1F291-43A2-4A6E-A3AC-85115BE18C31}.Release|iPhoneSimulator.Build.0 = Release|Any CPU
		{23F1F291-43A2-4A6E-A3AC-85115BE18C31}.Release|iPhoneSimulator.Deploy.0 = Release|Any CPU
		{23F1F291-43A2-4A6E-A3AC-85115BE18C31}.Release|x64.ActiveCfg = Release|Any CPU
		{23F1F291-43A2-4A6E-A3AC-85115BE18C31}.Release|x64.Build.0 = Release|Any CPU
		{23F1F291-43A2-4A6E-A3AC-85115BE18C31}.Release|x64.Deploy.0 = Release|Any CPU
		{23F1F291-43A2-4A6E-A3AC-85115BE18C31}.Release|x86.ActiveCfg = Release|Any CPU
		{23F1F291-43A2-4A6E-A3AC-85115BE18C31}.Release|x86.Build.0 = Release|Any CPU
		{23F1F291-43A2-4A6E-A3AC-85115BE18C31}.Release|x86.Deploy.0 = Release|Any CPU
		{0921B5AB-5EF4-45D3-9296-47FB7B62C6BF}.Debug|Any CPU.ActiveCfg = Debug|iPhone
		{0921B5AB-5EF4-45D3-9296-47FB7B62C6BF}.Debug|ARM.ActiveCfg = Debug|iPhone
		{0921B5AB-5EF4-45D3-9296-47FB7B62C6BF}.Debug|iPhone.ActiveCfg = Debug|iPhone
		{0921B5AB-5EF4-45D3-9296-47FB7B62C6BF}.Debug|iPhone.Build.0 = Debug|iPhone
		{0921B5AB-5EF4-45D3-9296-47FB7B62C6BF}.Debug|iPhoneSimulator.ActiveCfg = Debug|iPhoneSimulator
		{0921B5AB-5EF4-45D3-9296-47FB7B62C6BF}.Debug|iPhoneSimulator.Build.0 = Debug|iPhoneSimulator
		{0921B5AB-5EF4-45D3-9296-47FB7B62C6BF}.Debug|x64.ActiveCfg = Debug|iPhone
		{0921B5AB-5EF4-45D3-9296-47FB7B62C6BF}.Debug|x86.ActiveCfg = Debug|iPhone
		{0921B5AB-5EF4-45D3-9296-47FB7B62C6BF}.Release|Any CPU.ActiveCfg = Release|iPhone
		{0921B5AB-5EF4-45D3-9296-47FB7B62C6BF}.Release|ARM.ActiveCfg = Release|iPhone
		{0921B5AB-5EF4-45D3-9296-47FB7B62C6BF}.Release|iPhone.ActiveCfg = Release|iPhone
		{0921B5AB-5EF4-45D3-9296-47FB7B62C6BF}.Release|iPhone.Build.0 = Release|iPhone
		{0921B5AB-5EF4-45D3-9296-47FB7B62C6BF}.Release|iPhoneSimulator.ActiveCfg = Release|iPhoneSimulator
		{0921B5AB-5EF4-45D3-9296-47FB7B62C6BF}.Release|iPhoneSimulator.Build.0 = Release|iPhoneSimulator
		{0921B5AB-5EF4-45D3-9296-47FB7B62C6BF}.Release|x64.ActiveCfg = Release|iPhone
		{0921B5AB-5EF4-45D3-9296-47FB7B62C6BF}.Release|x86.ActiveCfg = Release|iPhone
		{C6FE837B-EB7D-4041-B8AE-70A734458A47}.Debug|Any CPU.ActiveCfg = Debug|x86
		{C6FE837B-EB7D-4041-B8AE-70A734458A47}.Debug|ARM.ActiveCfg = Debug|ARM
		{C6FE837B-EB7D-4041-B8AE-70A734458A47}.Debug|ARM.Build.0 = Debug|ARM
		{C6FE837B-EB7D-4041-B8AE-70A734458A47}.Debug|ARM.Deploy.0 = Debug|ARM
		{C6FE837B-EB7D-4041-B8AE-70A734458A47}.Debug|iPhone.ActiveCfg = Debug|x86
		{C6FE837B-EB7D-4041-B8AE-70A734458A47}.Debug|iPhoneSimulator.ActiveCfg = Debug|x86
		{C6FE837B-EB7D-4041-B8AE-70A734458A47}.Debug|x64.ActiveCfg = Debug|x64
		{C6FE837B-EB7D-4041-B8AE-70A734458A47}.Debug|x64.Build.0 = Debug|x64
		{C6FE837B-EB7D-4041-B8AE-70A734458A47}.Debug|x64.Deploy.0 = Debug|x64
		{C6FE837B-EB7D-4041-B8AE-70A734458A47}.Debug|x86.ActiveCfg = Debug|x86
		{C6FE837B-EB7D-4041-B8AE-70A734458A47}.Debug|x86.Build.0 = Debug|x86
		{C6FE837B-EB7D-4041-B8AE-70A734458A47}.Debug|x86.Deploy.0 = Debug|x86
		{C6FE837B-EB7D-4041-B8AE-70A734458A47}.Release|Any CPU.ActiveCfg = Release|x86
		{C6FE837B-EB7D-4041-B8AE-70A734458A47}.Release|ARM.ActiveCfg = Release|ARM
		{C6FE837B-EB7D-4041-B8AE-70A734458A47}.Release|ARM.Build.0 = Release|ARM
		{C6FE837B-EB7D-4041-B8AE-70A734458A47}.Release|ARM.Deploy.0 = Release|ARM
		{C6FE837B-EB7D-4041-B8AE-70A734458A47}.Release|iPhone.ActiveCfg = Release|x86
		{C6FE837B-EB7D-4041-B8AE-70A734458A47}.Release|iPhoneSimulator.ActiveCfg = Release|x86
		{C6FE837B-EB7D-4041-B8AE-70A734458A47}.Release|x64.ActiveCfg = Release|x64
		{C6FE837B-EB7D-4041-B8AE-70A734458A47}.Release|x64.Build.0 = Release|x64
		{C6FE837B-EB7D-4041-B8AE-70A734458A47}.Release|x64.Deploy.0 = Release|x64
		{C6FE837B-EB7D-4041-B8AE-70A734458A47}.Release|x86.ActiveCfg = Release|x86
		{C6FE837B-EB7D-4041-B8AE-70A734458A47}.Release|x86.Build.0 = Release|x86
		{C6FE837B-EB7D-4041-B8AE-70A734458A47}.Release|x86.Deploy.0 = Release|x86
	EndGlobalSection
	GlobalSection(SolutionProperties) = preSolution
		HideSolutionNode = FALSE
	EndGlobalSection
EndGlobal
